
Microsoft Visual Studio Solution File, Format Version 12.00
# Visual Studio Version 16
VisualStudioVersion = 16.0.33130.400
MinimumVisualStudioVersion = 10.0.40219.1
Project("{FAE04EC0-301F-11D3-BF4B-00C04F79EFBC}") = "Assignment 8_a", "Assignment 8_a.csproj", "{EC975690-CC26-4E4B-A94F-63A95EE85D25}"
EndProject
Global
	GlobalSection(SolutionConfigurationPlatforms) = preSolution
		Debug|Any CPU = Debug|Any CPU
		Release|Any CPU = Release|Any CPU
	EndGlobalSection
	GlobalSection(ProjectConfigurationPlatforms) = postSolution
		{EC975690-CC26-4E4B-A94F-63A95EE85D25}.Debug|Any CPU.ActiveCfg = Debug|Any CPU
		{EC975690-CC26-4E4B-A94F-63A95EE85D25}.Debug|Any CPU.Build.0 = Debug|Any CPU
		{EC975690-CC26-4E4B-A94F-63A95EE85D25}.Release|Any CPU.ActiveCfg = Release|Any CPU
		{EC975690-CC26-4E4B-A94F-63A95EE85D25}.Release|Any CPU.Build.0 = Release|Any CPU
	EndGlobalSection
	GlobalSection(SolutionProperties) = preSolution
		HideSolutionNode = FALSE
	EndGlobalSection
	GlobalSection(ExtensibilityGlobals) = postSolution
		SolutionGuid = {E4839585-7A84-4A40-9969-E26491F51DD6}
	EndGlobalSection
EndGlobal
