
Microsoft Visual Studio Solution File, Format Version 12.00
# Visual Studio Version 16
VisualStudioVersion = 16.0.33130.400
MinimumVisualStudioVersion = 10.0.40219.1
Project("{FAE04EC0-301F-11D3-BF4B-00C04F79EFBC}") = "Assignment6_3", "Assignment6_3.csproj", "{E68F3A4B-1843-47C4-B218-A5559D95B5CA}"
EndProject
Global
	GlobalSection(SolutionConfigurationPlatforms) = preSolution
		Debug|Any CPU = Debug|Any CPU
		Release|Any CPU = Release|Any CPU
	EndGlobalSection
	GlobalSection(ProjectConfigurationPlatforms) = postSolution
		{E68F3A4B-1843-47C4-B218-A5559D95B5CA}.Debug|Any CPU.ActiveCfg = Debug|Any CPU
		{E68F3A4B-1843-47C4-B218-A5559D95B5CA}.Debug|Any CPU.Build.0 = Debug|Any CPU
		{E68F3A4B-1843-47C4-B218-A5559D95B5CA}.Release|Any CPU.ActiveCfg = Release|Any CPU
		{E68F3A4B-1843-47C4-B218-A5559D95B5CA}.Release|Any CPU.Build.0 = Release|Any CPU
	EndGlobalSection
	GlobalSection(SolutionProperties) = preSolution
		HideSolutionNode = FALSE
	EndGlobalSection
	GlobalSection(ExtensibilityGlobals) = postSolution
		SolutionGuid = {7CB15AE7-D987-40A2-A6F4-61CC5E7FBB2B}
	EndGlobalSection
EndGlobal
