
Microsoft Visual Studio Solution File, Format Version 12.00
# Visual Studio Version 16
VisualStudioVersion = 16.0.33130.400
MinimumVisualStudioVersion = 10.0.40219.1
Project("{FAE04EC0-301F-11D3-BF4B-00C04F79EFBC}") = "Asiignment 5_d", "Asiignment 5_d.csproj", "{6993382E-727A-4FA6-86D3-ED898A8788A4}"
EndProject
Global
	GlobalSection(SolutionConfigurationPlatforms) = preSolution
		Debug|Any CPU = Debug|Any CPU
		Release|Any CPU = Release|Any CPU
	EndGlobalSection
	GlobalSection(ProjectConfigurationPlatforms) = postSolution
		{6993382E-727A-4FA6-86D3-ED898A8788A4}.Debug|Any CPU.ActiveCfg = Debug|Any CPU
		{6993382E-727A-4FA6-86D3-ED898A8788A4}.Debug|Any CPU.Build.0 = Debug|Any CPU
		{6993382E-727A-4FA6-86D3-ED898A8788A4}.Release|Any CPU.ActiveCfg = Release|Any CPU
		{6993382E-727A-4FA6-86D3-ED898A8788A4}.Release|Any CPU.Build.0 = Release|Any CPU
	EndGlobalSection
	GlobalSection(SolutionProperties) = preSolution
		HideSolutionNode = FALSE
	EndGlobalSection
	GlobalSection(ExtensibilityGlobals) = postSolution
		SolutionGuid = {9B9BB4C4-EFF5-4E33-AC74-CC9AC7991476}
	EndGlobalSection
EndGlobal
