
Microsoft Visual Studio Solution File, Format Version 12.00
# Visual Studio Version 16
VisualStudioVersion = 16.0.33130.400
MinimumVisualStudioVersion = 10.0.40219.1
Project("{FAE04EC0-301F-11D3-BF4B-00C04F79EFBC}") = "Assignment 6_a", "Assignment 6_a.csproj", "{CAE3341A-FAC1-443B-B51F-C6137BB6B5AD}"
EndProject
Global
	GlobalSection(SolutionConfigurationPlatforms) = preSolution
		Debug|Any CPU = Debug|Any CPU
		Release|Any CPU = Release|Any CPU
	EndGlobalSection
	GlobalSection(ProjectConfigurationPlatforms) = postSolution
		{CAE3341A-FAC1-443B-B51F-C6137BB6B5AD}.Debug|Any CPU.ActiveCfg = Debug|Any CPU
		{CAE3341A-FAC1-443B-B51F-C6137BB6B5AD}.Debug|Any CPU.Build.0 = Debug|Any CPU
		{CAE3341A-FAC1-443B-B51F-C6137BB6B5AD}.Release|Any CPU.ActiveCfg = Release|Any CPU
		{CAE3341A-FAC1-443B-B51F-C6137BB6B5AD}.Release|Any CPU.Build.0 = Release|Any CPU
	EndGlobalSection
	GlobalSection(SolutionProperties) = preSolution
		HideSolutionNode = FALSE
	EndGlobalSection
	GlobalSection(ExtensibilityGlobals) = postSolution
		SolutionGuid = {12AC1559-7350-41D5-8BE4-FE6B85BDEBCD}
	EndGlobalSection
EndGlobal
