
Microsoft Visual Studio Solution File, Format Version 12.00
# Visual Studio Version 16
VisualStudioVersion = 16.0.33130.400
MinimumVisualStudioVersion = 10.0.40219.1
Project("{FAE04EC0-301F-11D3-BF4B-00C04F79EFBC}") = "Assignment 7_4", "Assignment 7_4.csproj", "{C0A3AC47-9B93-4968-96B8-9674466CEE59}"
EndProject
Global
	GlobalSection(SolutionConfigurationPlatforms) = preSolution
		Debug|Any CPU = Debug|Any CPU
		Release|Any CPU = Release|Any CPU
	EndGlobalSection
	GlobalSection(ProjectConfigurationPlatforms) = postSolution
		{C0A3AC47-9B93-4968-96B8-9674466CEE59}.Debug|Any CPU.ActiveCfg = Debug|Any CPU
		{C0A3AC47-9B93-4968-96B8-9674466CEE59}.Debug|Any CPU.Build.0 = Debug|Any CPU
		{C0A3AC47-9B93-4968-96B8-9674466CEE59}.Release|Any CPU.ActiveCfg = Release|Any CPU
		{C0A3AC47-9B93-4968-96B8-9674466CEE59}.Release|Any CPU.Build.0 = Release|Any CPU
	EndGlobalSection
	GlobalSection(SolutionProperties) = preSolution
		HideSolutionNode = FALSE
	EndGlobalSection
	GlobalSection(ExtensibilityGlobals) = postSolution
		SolutionGuid = {E1C3479E-466A-4800-AB35-1426F1DC5869}
	EndGlobalSection
EndGlobal
